schema: '2.0'
stages:
  split_dataset:
    cmd: uv run split_dataset_by_label.py
    deps:
    - path: split_dataset_by_label.py
      hash: md5
      md5: c7577604f4f40bfffe27eb39bfcd5a25
      size: 10821
    params:
      params.yaml:
        create_sessions.dataset_name: CICIDS2017_flow_improved
        dataset_name: CICIDS2017_flow_improved
    outs:
    - path: data/CICIDS2017_flow_improved/test
      hash: md5
      md5: 57399a6dc1cd084feb791806fb652873.dir
      size: 219183218
      nfiles: 5
    - path: data/CICIDS2017_flow_improved/train
      hash: md5
      md5: 5eef6e6d77a6ef55078beee5c1e96615.dir
      size: 876919028
      nfiles: 17
  create_sessions:
    cmd: uv run create_session_files.py
    deps:
    - path: create_session_files.py
      hash: md5
      md5: 791f91e01f6ad3fc8e9ca5f5df8e6f65
      size: 13015
    params:
      params.yaml:
        create_sessions.dataset_name: CICIDS2017_flow_improved
        dataset_name: CICIDS2017_flow_improved
    outs:
    - path: data/index_list/CICIDS2017_flow_improved
      hash: md5
      md5: 100f208640b4c2922360228059503a10.dir
      size: 11353918
      nfiles: 6
  train:
    cmd: uv run train.py
    deps:
    - path: data/index_list/CICIDS2017_flow_improved
      hash: md5
      md5: 100f208640b4c2922360228059503a10.dir
      size: 11353918
      nfiles: 6
    - path: train.py
      hash: md5
      md5: e39b54bad0c486eda683fa71ebf24d30
      size: 12227
    params:
      params.yaml:
        alpha: 2.0
        balance: 0.01
        base_class: 5
        base_mode: ft_cos
        batch_size_base: 256
        batch_size_new: 0
        dataset_name: CICIDS2017_flow_improved
        dataset_type: CICIDS2017_improved
        decay: 0.0005
        encoder: mlp
        epochs_base: 5
        epochs_new: 5
        eta: 0.1
        gamma: 0.25
        gpu: '0'
        label_column: Label
        loss_iter: 0
        lr_base: 0.005
        lr_new: 0.1
        milestones:
        - 5
        - 10
        - 15
        momentum: 0.9
        new_mode: avg_cos
        normalize_method: standard
        num_classes: 10
        num_workers: 8
        project: fact
        schedule: Milestone
        seed: 1
        shot: 5
        start_session: 0
        step: 20
        temperature: 16
        test_batch_size: 100
        way: 1
    outs:
    - path: checkpoint/
      hash: md5
      md5: d0bdeb03402334715dba2f3e835348f2.dir
      size: 2057319
      nfiles: 9
